// !$*UTF8*$!
{
	archiveVersion = 1;
	classes = {
	};
	objectVersion = 77;
	objects = {

/* Begin PBXContainerItemProxy section */
		8C638E012CE68DB500D92E7B /* PBXContainerItemProxy */ = {
			isa = PBXContainerItemProxy;
			containerPortal = 8C638DE62CE68DB300D92E7B /* Project object */;
			proxyType = 1;
			remoteGlobalIDString = 8C638DED2CE68DB300D92E7B;
			remoteInfo = "ByteBite-AI";
		};
		8C638E0B2CE68DB500D92E7B /* PBXContainerItemProxy */ = {
			isa = PBXContainerItemProxy;
			containerPortal = 8C638DE62CE68DB300D92E7B /* Project object */;
			proxyType = 1;
			remoteGlobalIDString = 8C638DED2CE68DB300D92E7B;
			remoteInfo = "ByteBite-AI";
		};
/* End PBXContainerItemProxy section */

/* Begin PBXFileReference section */
		8C638DEE2CE68DB300D92E7B /* ByteBite-AI.app */ = {isa = PBXFileReference; explicitFileType = wrapper.application; includeInIndex = 0; path = "ByteBite-AI.app"; sourceTree = BUILT_PRODUCTS_DIR; };
		8C638E002CE68DB500D92E7B /* ByteBite-AITests.xctest */ = {isa = PBXFileReference; explicitFileType = wrapper.cfbundle; includeInIndex = 0; path = "ByteBite-AITests.xctest"; sourceTree = BUILT_PRODUCTS_DIR; };
		8C638E0A2CE68DB500D92E7B /* ByteBite-AIUITests.xctest */ = {isa = PBXFileReference; explicitFileType = wrapper.cfbundle; includeInIndex = 0; path = "ByteBite-AIUITests.xctest"; sourceTree = BUILT_PRODUCTS_DIR; };
/* End PBXFileReference section */

/* Begin PBXFileSystemSynchronizedRootGroup section */
		8C638DF02CE68DB300D92E7B /* ByteBite-AI */ = {
			isa = PBXFileSystemSynchronizedRootGroup;
			path = "ByteBite-AI";
			sourceTree = "<group>";
		};
		8C638E032CE68DB500D92E7B /* ByteBite-AITests */ = {
			isa = PBXFileSystemSynchronizedRootGroup;
			path = "ByteBite-AITests";
			sourceTree = "<group>";
		};
		8C638E0D2CE68DB500D92E7B /* ByteBite-AIUITests */ = {
			isa = PBXFileSystemSynchronizedRootGroup;
			path = "ByteBite-AIUITests";
			sourceTree = "<group>";
		};
/* End PBXFileSystemSynchronizedRootGroup section */

/* Begin PBXFrameworksBuildPhase section */
		8C638DEB2CE68DB300D92E7B /* Frameworks */ = {
			isa = PBXFrameworksBuildPhase;
			buildActionMask = 2147483647;
			files = (
			);
			runOnlyForDeploymentPostprocessing = 0;
		};
		8C638DFD2CE68DB500D92E7B /* Frameworks */ = {
			isa = PBXFrameworksBuildPhase;
			buildActionMask = 2147483647;
			files = (
			);
			runOnlyForDeploymentPostprocessing = 0;
		};
		8C638E072CE68DB500D92E7B /* Frameworks */ = {
			isa = PBXFrameworksBuildPhase;
			buildActionMask = 2147483647;
			files = (
			);
			runOnlyForDeploymentPostprocessing = 0;
		};
/* End PBXFrameworksBuildPhase section */

/* Begin PBXGroup section */
		8C638DE52CE68DB300D92E7B = {
			isa = PBXGroup;
			children = (
				8C638DF02CE68DB300D92E7B /* ByteBite-AI */,
				8C638E032CE68DB500D92E7B /* ByteBite-AITests */,
				8C638E0D2CE68DB500D92E7B /* ByteBite-AIUITests */,
				8C638DEF2CE68DB300D92E7B /* Products */,
			);
			sourceTree = "<group>";
		};
		8C638DEF2CE68DB300D92E7B /* Products */ = {
			isa = PBXGroup;
			children = (
				8C638DEE2CE68DB300D92E7B /* ByteBite-AI.app */,
				8C638E002CE68DB500D92E7B /* ByteBite-AITests.xctest */,
				8C638E0A2CE68DB500D92E7B /* ByteBite-AIUITests.xctest */,
			);
			name = Products;
			sourceTree = "<group>";
		};
/* End PBXGroup section */

/* Begin PBXNativeTarget section */
		8C638DED2CE68DB300D92E7B /* ByteBite-AI */ = {
			isa = PBXNativeTarget;
			buildConfigurationList = 8C638E142CE68DB500D92E7B /* Build configuration list for PBXNativeTarget "ByteBite-AI" */;
			buildPhases = (
				8C638DEA2CE68DB300D92E7B /* Sources */,
				8C638DEB2CE68DB300D92E7B /* Frameworks */,
				8C638DEC2CE68DB300D92E7B /* Resources */,
			);
			buildRules = (
			);
			dependencies = (
			);
			fileSystemSynchronizedGroups = (
				8C638DF02CE68DB300D92E7B /* ByteBite-AI */,
			);
			name = "ByteBite-AI";
			packageProductDependencies = (
			);
			productName = "ByteBite-AI";
			productReference = 8C638DEE2CE68DB300D92E7B /* ByteBite-AI.app */;
			productType = "com.apple.product-type.application";
		};
		8C638DFF2CE68DB500D92E7B /* ByteBite-AITests */ = {
			isa = PBXNativeTarget;
			buildConfigurationList = 8C638E172CE68DB500D92E7B /* Build configuration list for PBXNativeTarget "ByteBite-AITests" */;
			buildPhases = (
				8C638DFC2CE68DB500D92E7B /* Sources */,
				8C638DFD2CE68DB500D92E7B /* Frameworks */,
				8C638DFE2CE68DB500D92E7B /* Resources */,
			);
			buildRules = (
			);
			dependencies = (
				8C638E022CE68DB500D92E7B /* PBXTargetDependency */,
			);
			fileSystemSynchronizedGroups = (
				8C638E032CE68DB500D92E7B /* ByteBite-AITests */,
			);
			name = "ByteBite-AITests";
			packageProductDependencies = (
			);
			productName = "ByteBite-AITests";
			productReference = 8C638E002CE68DB500D92E7B /* ByteBite-AITests.xctest */;
			productType = "com.apple.product-type.bundle.unit-test";
		};
		8C638E092CE68DB500D92E7B /* ByteBite-AIUITests */ = {
			isa = PBXNativeTarget;
			buildConfigurationList = 8C638E1A2CE68DB500D92E7B /* Build configuration list for PBXNativeTarget "ByteBite-AIUITests" */;
			buildPhases = (
				8C638E062CE68DB500D92E7B /* Sources */,
				8C638E072CE68DB500D92E7B /* Frameworks */,
				8C638E082CE68DB500D92E7B /* Resources */,
			);
			buildRules = (
			);
			dependencies = (
				8C638E0C2CE68DB500D92E7B /* PBXTargetDependency */,
			);
			fileSystemSynchronizedGroups = (
				8C638E0D2CE68DB500D92E7B /* ByteBite-AIUITests */,
			);
			name = "ByteBite-AIUITests";
			packageProductDependencies = (
			);
			productName = "ByteBite-AIUITests";
			productReference = 8C638E0A2CE68DB500D92E7B /* ByteBite-AIUITests.xctest */;
			productType = "com.apple.product-type.bundle.ui-testing";
		};
/* End PBXNativeTarget section */

/* Begin PBXProject section */
		8C638DE62CE68DB300D92E7B /* Project object */ = {
			isa = PBXProject;
			attributes = {
				BuildIndependentTargetsInParallel = 1;
				LastSwiftUpdateCheck = 1610;
				LastUpgradeCheck = 1610;
				TargetAttributes = {
					8C638DED2CE68DB300D92E7B = {
						CreatedOnToolsVersion = 16.1;
					};
					8C638DFF2CE68DB500D92E7B = {
						CreatedOnToolsVersion = 16.1;
						TestTargetID = 8C638DED2CE68DB300D92E7B;
					};
					8C638E092CE68DB500D92E7B = {
						CreatedOnToolsVersion = 16.1;
						TestTargetID = 8C638DED2CE68DB300D92E7B;
					};
				};
			};
			buildConfigurationList = 8C638DE92CE68DB300D92E7B /* Build configuration list for PBXProject "ByteBite-AI" */;
			developmentRegion = en;
			hasScannedForEncodings = 0;
			knownRegions = (
				en,
				Base,
			);
			mainGroup = 8C638DE52CE68DB300D92E7B;
			minimizedProjectReferenceProxies = 1;
			preferredProjectObjectVersion = 77;
			productRefGroup = 8C638DEF2CE68DB300D92E7B /* Products */;
			projectDirPath = "";
			projectRoot = "";
			targets = (
				8C638DED2CE68DB300D92E7B /* ByteBite-AI */,
				8C638DFF2CE68DB500D92E7B /* ByteBite-AITests */,
				8C638E092CE68DB500D92E7B /* ByteBite-AIUITests */,
			);
		};
/* End PBXProject section */

/* Begin PBXResourcesBuildPhase section */
		8C638DEC2CE68DB300D92E7B /* Resources */ = {
			isa = PBXResourcesBuildPhase;
			buildActionMask = 2147483647;
			files = (
			);
			runOnlyForDeploymentPostprocessing = 0;
		};
		8C638DFE2CE68DB500D92E7B /* Resources */ = {
			isa = PBXResourcesBuildPhase;
			buildActionMask = 2147483647;
			files = (
			);
			runOnlyForDeploymentPostprocessing = 0;
		};
		8C638E082CE68DB500D92E7B /* Resources */ = {
			isa = PBXResourcesBuildPhase;
			buildActionMask = 2147483647;
			files = (
			);
			runOnlyForDeploymentPostprocessing = 0;
		};
/* End PBXResourcesBuildPhase section */

/* Begin PBXSourcesBuildPhase section */
		8C638DEA2CE68DB300D92E7B /* Sources */ = {
			isa = PBXSourcesBuildPhase;
			buildActionMask = 2147483647;
			files = (
			);
			runOnlyForDeploymentPostprocessing = 0;
		};
		8C638DFC2CE68DB500D92E7B /* Sources */ = {
			isa = PBXSourcesBuildPhase;
			buildActionMask = 2147483647;
			files = (
			);
			runOnlyForDeploymentPostprocessing = 0;
		};
		8C638E062CE68DB500D92E7B /* Sources */ = {
			isa = PBXSourcesBuildPhase;
			buildActionMask = 2147483647;
			files = (
			);
			runOnlyForDeploymentPostprocessing = 0;
		};
/* End PBXSourcesBuildPhase section */

/* Begin PBXTargetDependency section */
		8C638E022CE68DB500D92E7B /* PBXTargetDependency */ = {
			isa = PBXTargetDependency;
			target = 8C638DED2CE68DB300D92E7B /* ByteBite-AI */;
			targetProxy = 8C638E012CE68DB500D92E7B /* PBXContainerItemProxy */;
		};
		8C638E0C2CE68DB500D92E7B /* PBXTargetDependency */ = {
			isa = PBXTargetDependency;
			target = 8C638DED2CE68DB300D92E7B /* ByteBite-AI */;
			targetProxy = 8C638E0B2CE68DB500D92E7B /* PBXContainerItemProxy */;
		};
/* End PBXTargetDependency section */

/* Begin XCBuildConfiguration section */
		8C638E122CE68DB500D92E7B /* Debug */ = {
			isa = XCBuildConfiguration;
			buildSettings = {
				ALWAYS_SEARCH_USER_PATHS = NO;
				ASSETCATALOG_COMPILER_GENERATE_SWIFT_ASSET_SYMBOL_EXTENSIONS = YES;
				CLANG_ANALYZER_NONNULL = YES;
				CLANG_ANALYZER_NUMBER_OBJECT_CONVERSION = YES_AGGRESSIVE;
				CLANG_CXX_LANGUAGE_STANDARD = "gnu++20";
				CLANG_ENABLE_MODULES = YES;
				CLANG_ENABLE_OBJC_ARC = YES;
				CLANG_ENABLE_OBJC_WEAK = YES;
				CLANG_WARN_BLOCK_CAPTURE_AUTORELEASING = YES;
				CLANG_WARN_BOOL_CONVERSION = YES;
				CLANG_WARN_COMMA = YES;
				CLANG_WARN_CONSTANT_CONVERSION = YES;
				CLANG_WARN_DEPRECATED_OBJC_IMPLEMENTATIONS = YES;
				CLANG_WARN_DIRECT_OBJC_ISA_USAGE = YES_ERROR;
				CLANG_WARN_DOCUMENTATION_COMMENTS = YES;
				CLANG_WARN_EMPTY_BODY = YES;
				CLANG_WARN_ENUM_CONVERSION = YES;
				CLANG_WARN_INFINITE_RECURSION = YES;
				CLANG_WARN_INT_CONVERSION = YES;
				CLANG_WARN_NON_LITERAL_NULL_CONVERSION = YES;
				CLANG_WARN_OBJC_IMPLICIT_RETAIN_SELF = YES;
				CLANG_WARN_OBJC_LITERAL_CONVERSION = YES;
				CLANG_WARN_OBJC_ROOT_CLASS = YES_ERROR;
				CLANG_WARN_QUOTED_INCLUDE_IN_FRAMEWORK_HEADER = YES;
				CLANG_WARN_RANGE_LOOP_ANALYSIS = YES;
				CLANG_WARN_STRICT_PROTOTYPES = YES;
				CLANG_WARN_SUSPICIOUS_MOVE = YES;
				CLANG_WARN_UNGUARDED_AVAILABILITY = YES_AGGRESSIVE;
				CLANG_WARN_UNREACHABLE_CODE = YES;
				CLANG_WARN__DUPLICATE_METHOD_MATCH = YES;
				COPY_PHASE_STRIP = NO;
				DEBUG_INFORMATION_FORMAT = dwarf;
				ENABLE_STRICT_OBJC_MSGSEND = YES;
				ENABLE_TESTABILITY = YES;
				ENABLE_USER_SCRIPT_SANDBOXING = YES;
				GCC_C_LANGUAGE_STANDARD = gnu17;
				GCC_DYNAMIC_NO_PIC = NO;
				GCC_NO_COMMON_BLOCKS = YES;
				GCC_OPTIMIZATION_LEVEL = 0;
				GCC_PREPROCESSOR_DEFINITIONS = (
					"DEBUG=1",
					"$(inherited)",
				);
				GCC_WARN_64_TO_32_BIT_CONVERSION = YES;
				GCC_WARN_ABOUT_RETURN_TYPE = YES_ERROR;
				GCC_WARN_UNDECLARED_SELECTOR = YES;
				GCC_WARN_UNINITIALIZED_AUTOS = YES_AGGRESSIVE;
				GCC_WARN_UNUSED_FUNCTION = YES;
				GCC_WARN_UNUSED_VARIABLE = YES;
				IPHONEOS_DEPLOYMENT_TARGET = 18.1;
				LOCALIZATION_PREFERS_STRING_CATALOGS = YES;
				MTL_ENABLE_DEBUG_INFO = INCLUDE_SOURCE;
				MTL_FAST_MATH = YES;
				ONLY_ACTIVE_ARCH = YES;
				SDKROOT = iphoneos;
				SWIFT_ACTIVE_COMPILATION_CONDITIONS = "DEBUG $(inherited)";
				SWIFT_OPTIMIZATION_LEVEL = "-Onone";
			};
			name = Debug;
		};
		8C638E132CE68DB500D92E7B /* Release */ = {
			isa = XCBuildConfiguration;
			buildSettings = {
				ALWAYS_SEARCH_USER_PATHS = NO;
				ASSETCATALOG_COMPILER_GENERATE_SWIFT_ASSET_SYMBOL_EXTENSIONS = YES;
				CLANG_ANALYZER_NONNULL = YES;
				CLANG_ANALYZER_NUMBER_OBJECT_CONVERSION = YES_AGGRESSIVE;
				CLANG_CXX_LANGUAGE_STANDARD = "gnu++20";
				CLANG_ENABLE_MODULES = YES;
				CLANG_ENABLE_OBJC_ARC = YES;
				CLANG_ENABLE_OBJC_WEAK = YES;
				CLANG_WARN_BLOCK_CAPTURE_AUTORELEASING = YES;
				CLANG_WARN_BOOL_CONVERSION = YES;
				CLANG_WARN_COMMA = YES;
				CLANG_WARN_CONSTANT_CONVERSION = YES;
				CLANG_WARN_DEPRECATED_OBJC_IMPLEMENTATIONS = YES;
				CLANG_WARN_DIRECT_OBJC_ISA_USAGE = YES_ERROR;
				CLANG_WARN_DOCUMENTATION_COMMENTS = YES;
				CLANG_WARN_EMPTY_BODY = YES;
				CLANG_WARN_ENUM_CONVERSION = YES;
				CLANG_WARN_INFINITE_RECURSION = YES;
				CLANG_WARN_INT_CONVERSION = YES;
				CLANG_WARN_NON_LITERAL_NULL_CONVERSION = YES;
				CLANG_WARN_OBJC_IMPLICIT_RETAIN_SELF = YES;
				CLANG_WARN_OBJC_LITERAL_CONVERSION = YES;
				CLANG_WARN_OBJC_ROOT_CLASS = YES_ERROR;
				CLANG_WARN_QUOTED_INCLUDE_IN_FRAMEWORK_HEADER = YES;
				CLANG_WARN_RANGE_LOOP_ANALYSIS = YES;
				CLANG_WARN_STRICT_PROTOTYPES = YES;
				CLANG_WARN_SUSPICIOUS_MOVE = YES;
				CLANG_WARN_UNGUARDED_AVAILABILITY = YES_AGGRESSIVE;
				CLANG_WARN_UNREACHABLE_CODE = YES;
				CLANG_WARN__DUPLICATE_METHOD_MATCH = YES;
				COPY_PHASE_STRIP = NO;
				DEBUG_INFORMATION_FORMAT = "dwarf-with-dsym";
				ENABLE_NS_ASSERTIONS = NO;
				ENABLE_STRICT_OBJC_MSGSEND = YES;
				ENABLE_USER_SCRIPT_SANDBOXING = YES;
				GCC_C_LANGUAGE_STANDARD = gnu17;
				GCC_NO_COMMON_BLOCKS = YES;
				GCC_WARN_64_TO_32_BIT_CONVERSION = YES;
				GCC_WARN_ABOUT_RETURN_TYPE = YES_ERROR;
				GCC_WARN_UNDECLARED_SELECTOR = YES;
				GCC_WARN_UNINITIALIZED_AUTOS = YES_AGGRESSIVE;
				GCC_WARN_UNUSED_FUNCTION = YES;
				GCC_WARN_UNUSED_VARIABLE = YES;
				IPHONEOS_DEPLOYMENT_TARGET = 18.1;
				LOCALIZATION_PREFERS_STRING_CATALOGS = YES;
				MTL_ENABLE_DEBUG_INFO = NO;
				MTL_FAST_MATH = YES;
				SDKROOT = iphoneos;
				SWIFT_COMPILATION_MODE = wholemodule;
				VALIDATE_PRODUCT = YES;
			};
			name = Release;
		};
		8C638E152CE68DB500D92E7B /* Debug */ = {
			isa = XCBuildConfiguration;
			buildSettings = {
				ASSETCATALOG_COMPILER_APPICON_NAME = AppIcon;
				ASSETCATALOG_COMPILER_GLOBAL_ACCENT_COLOR_NAME = AccentColor;
				CODE_SIGN_STYLE = Automatic;
				CURRENT_PROJECT_VERSION = 1;
				DEVELOPMENT_ASSET_PATHS = "\"ByteBite-AI/Preview Content\"";
				DEVELOPMENT_TEAM = 4Q23X75GT9;
				ENABLE_PREVIEWS = YES;
				GENERATE_INFOPLIST_FILE = YES;
				INFOPLIST_KEY_UIApplicationSceneManifest_Generation = YES;
				INFOPLIST_KEY_UIApplicationSupportsIndirectInputEvents = YES;
				INFOPLIST_KEY_UILaunchScreen_Generation = YES;
				INFOPLIST_KEY_UISupportedInterfaceOrientations_iPad = "UIInterfaceOrientationPortrait UIInterfaceOrientationPortraitUpsideDown UIInterfaceOrientationLandscapeLeft UIInterfaceOrientationLandscapeRight";
				INFOPLIST_KEY_UISupportedInterfaceOrientations_iPhone = "UIInterfaceOrientationPortrait UIInterfaceOrientationLandscapeLeft UIInterfaceOrientationLandscapeRight";
				LD_RUNPATH_SEARCH_PATHS = (
					"$(inherited)",
					"@executable_path/Frameworks",
				);
				MARKETING_VERSION = 1.0;
				PRODUCT_BUNDLE_IDENTIFIER = "com.Fili-Code.ByteBite-AI";
				PRODUCT_NAME = "$(TARGET_NAME)";
				SWIFT_EMIT_LOC_STRINGS = YES;
				SWIFT_VERSION = 5.0;
				TARGETED_DEVICE_FAMILY = "1,2";
			};
			name = Debug;
		};
		8C638E162CE68DB500D92E7B /* Release */ = {
			isa = XCBuildConfiguration;
			buildSettings = {
				ASSETCATALOG_COMPILER_APPICON_NAME = AppIcon;
				ASSETCATALOG_COMPILER_GLOBAL_ACCENT_COLOR_NAME = AccentColor;
				CODE_SIGN_STYLE = Automatic;
				CURRENT_PROJECT_VERSION = 1;
				DEVELOPMENT_ASSET_PATHS = "\"ByteBite-AI/Preview Content\"";
				DEVELOPMENT_TEAM = 4Q23X75GT9;
				ENABLE_PREVIEWS = YES;
				GENERATE_INFOPLIST_FILE = YES;
				INFOPLIST_KEY_UIApplicationSceneManifest_Generation = YES;
				INFOPLIST_KEY_UIApplicationSupportsIndirectInputEvents = YES;
				INFOPLIST_KEY_UILaunchScreen_Generation = YES;
				INFOPLIST_KEY_UISupportedInterfaceOrientations_iPad = "UIInterfaceOrientationPortrait UIInterfaceOrientationPortraitUpsideDown UIInterfaceOrientationLandscapeLeft UIInterfaceOrientationLandscapeRight";
				INFOPLIST_KEY_UISupportedInterfaceOrientations_iPhone = "UIInterfaceOrientationPortrait UIInterfaceOrientationLandscapeLeft UIInterfaceOrientationLandscapeRight";
				LD_RUNPATH_SEARCH_PATHS = (
					"$(inherited)",
					"@executable_path/Frameworks",
				);
				MARKETING_VERSION = 1.0;
				PRODUCT_BUNDLE_IDENTIFIER = "com.Fili-Code.ByteBite-AI";
				PRODUCT_NAME = "$(TARGET_NAME)";
				SWIFT_EMIT_LOC_STRINGS = YES;
				SWIFT_VERSION = 5.0;
				TARGETED_DEVICE_FAMILY = "1,2";
			};
			name = Release;
		};
		8C638E182CE68DB500D92E7B /* Debug */ = {
			isa = XCBuildConfiguration;
			buildSettings = {
				BUNDLE_LOADER = "$(TEST_HOST)";
				CODE_SIGN_STYLE = Automatic;
				CURRENT_PROJECT_VERSION = 1;
				GENERATE_INFOPLIST_FILE = YES;
				IPHONEOS_DEPLOYMENT_TARGET = 18.1;
				MARKETING_VERSION = 1.0;
				PRODUCT_BUNDLE_IDENTIFIER = "com.Fili-Code.ByteBite-AITests";
				PRODUCT_NAME = "$(TARGET_NAME)";
				SWIFT_EMIT_LOC_STRINGS = NO;
				SWIFT_VERSION = 5.0;
				TARGETED_DEVICE_FAMILY = "1,2";
				TEST_HOST = "$(BUILT_PRODUCTS_DIR)/ByteBite-AI.app/$(BUNDLE_EXECUTABLE_FOLDER_PATH)/ByteBite-AI";
			};
			name = Debug;
		};
		8C638E192CE68DB500D92E7B /* Release */ = {
			isa = XCBuildConfiguration;
			buildSettings = {
				BUNDLE_LOADER = "$(TEST_HOST)";
				CODE_SIGN_STYLE = Automatic;
				CURRENT_PROJECT_VERSION = 1;
				GENERATE_INFOPLIST_FILE = YES;
				IPHONEOS_DEPLOYMENT_TARGET = 18.1;
				MARKETING_VERSION = 1.0;
				PRODUCT_BUNDLE_IDENTIFIER = "com.Fili-Code.ByteBite-AITests";
				PRODUCT_NAME = "$(TARGET_NAME)";
				SWIFT_EMIT_LOC_STRINGS = NO;
				SWIFT_VERSION = 5.0;
				TARGETED_DEVICE_FAMILY = "1,2";
				TEST_HOST = "$(BUILT_PRODUCTS_DIR)/ByteBite-AI.app/$(BUNDLE_EXECUTABLE_FOLDER_PATH)/ByteBite-AI";
			};
			name = Release;
		};
		8C638E1B2CE68DB500D92E7B /* Debug */ = {
			isa = XCBuildConfiguration;
			buildSettings = {
				CODE_SIGN_STYLE = Automatic;
				CURRENT_PROJECT_VERSION = 1;
				GENERATE_INFOPLIST_FILE = YES;
				MARKETING_VERSION = 1.0;
				PRODUCT_BUNDLE_IDENTIFIER = "com.Fili-Code.ByteBite-AIUITests";
				PRODUCT_NAME = "$(TARGET_NAME)";
				SWIFT_EMIT_LOC_STRINGS = NO;
				SWIFT_VERSION = 5.0;
				TARGETED_DEVICE_FAMILY = "1,2";
				TEST_TARGET_NAME = "ByteBite-AI";
			};
			name = Debug;
		};
		8C638E1C2CE68DB500D92E7B /* Release */ = {
			isa = XCBuildConfiguration;
			buildSettings = {
				CODE_SIGN_STYLE = Automatic;
				CURRENT_PROJECT_VERSION = 1;
				GENERATE_INFOPLIST_FILE = YES;
				MARKETING_VERSION = 1.0;
				PRODUCT_BUNDLE_IDENTIFIER = "com.Fili-Code.ByteBite-AIUITests";
				PRODUCT_NAME = "$(TARGET_NAME)";
				SWIFT_EMIT_LOC_STRINGS = NO;
				SWIFT_VERSION = 5.0;
				TARGETED_DEVICE_FAMILY = "1,2";
				TEST_TARGET_NAME = "ByteBite-AI";
			};
			name = Release;
		};
/* End XCBuildConfiguration section */

/* Begin XCConfigurationList section */
		8C638DE92CE68DB300D92E7B /* Build configuration list for PBXProject "ByteBite-AI" */ = {
			isa = XCConfigurationList;
			buildConfigurations = (
				8C638E122CE68DB500D92E7B /* Debug */,
				8C638E132CE68DB500D92E7B /* Release */,
			);
			defaultConfigurationIsVisible = 0;
			defaultConfigurationName = Release;
		};
		8C638E142CE68DB500D92E7B /* Build configuration list for PBXNativeTarget "ByteBite-AI" */ = {
			isa = XCConfigurationList;
			buildConfigurations = (
				8C638E152CE68DB500D92E7B /* Debug */,
				8C638E162CE68DB500D92E7B /* Release */,
			);
			defaultConfigurationIsVisible = 0;
			defaultConfigurationName = Release;
		};
		8C638E172CE68DB500D92E7B /* Build configuration list for PBXNativeTarget "ByteBite-AITests" */ = {
			isa = XCConfigurationList;
			buildConfigurations = (
				8C638E182CE68DB500D92E7B /* Debug */,
				8C638E192CE68DB500D92E7B /* Release */,
			);
			defaultConfigurationIsVisible = 0;
			defaultConfigurationName = Release;
		};
		8C638E1A2CE68DB500D92E7B /* Build configuration list for PBXNativeTarget "ByteBite-AIUITests" */ = {
			isa = XCConfigurationList;
			buildConfigurations = (
				8C638E1B2CE68DB500D92E7B /* Debug */,
				8C638E1C2CE68DB500D92E7B /* Release */,
			);
			defaultConfigurationIsVisible = 0;
			defaultConfigurationName = Release;
		};
/* End XCConfigurationList section */
	};
	rootObject = 8C638DE62CE68DB300D92E7B /* Project object */;
}
